
Microsoft Visual Studio Solution File, Format Version 12.00
# Visual Studio Version 17
VisualStudioVersion = 17.1.32421.90
MinimumVisualStudioVersion = 10.0.40219.1
Project("{9A19103F-16F7-4668-BE54-9A1E7A4F7556}") = "AranumaSignalRWinform.Client", "AranumaSignalRWinform.Client\AranumaSignalRWinform.Client.csproj", "{BCED826D-80F8-4745-93CB-19FAC611CE8D}"
EndProject
Project("{9A19103F-16F7-4668-BE54-9A1E7A4F7556}") = "AranumaSignalR.WebApi.Server", "AranumaSignalR.WebApi.Server\AranumaSignalR.WebApi.Server.csproj", "{AFB78959-5F4A-455C-A456-EB5D9691C0D2}"
EndProject
Project("{FAE04EC0-301F-11D3-BF4B-00C04F79EFBC}") = "AranumaSignalR.Ids", "AranumaSignalR.Ids\AranumaSignalR.Ids.csproj", "{D7E8C8EF-8CC8-46AE-8787-097A6962CD9C}"
EndProject
Global
	GlobalSection(SolutionConfigurationPlatforms) = preSolution
		Debug|Any CPU = Debug|Any CPU
		Release|Any CPU = Release|Any CPU
	EndGlobalSection
	GlobalSection(ProjectConfigurationPlatforms) = postSolution
		{BCED826D-80F8-4745-93CB-19FAC611CE8D}.Debug|Any CPU.ActiveCfg = Debug|Any CPU
		{BCED826D-80F8-4745-93CB-19FAC611CE8D}.Debug|Any CPU.Build.0 = Debug|Any CPU
		{BCED826D-80F8-4745-93CB-19FAC611CE8D}.Release|Any CPU.ActiveCfg = Release|Any CPU
		{BCED826D-80F8-4745-93CB-19FAC611CE8D}.Release|Any CPU.Build.0 = Release|Any CPU
		{AFB78959-5F4A-455C-A456-EB5D9691C0D2}.Debug|Any CPU.ActiveCfg = Debug|Any CPU
		{AFB78959-5F4A-455C-A456-EB5D9691C0D2}.Debug|Any CPU.Build.0 = Debug|Any CPU
		{AFB78959-5F4A-455C-A456-EB5D9691C0D2}.Release|Any CPU.ActiveCfg = Release|Any CPU
		{AFB78959-5F4A-455C-A456-EB5D9691C0D2}.Release|Any CPU.Build.0 = Release|Any CPU
		{D7E8C8EF-8CC8-46AE-8787-097A6962CD9C}.Debug|Any CPU.ActiveCfg = Debug|Any CPU
		{D7E8C8EF-8CC8-46AE-8787-097A6962CD9C}.Debug|Any CPU.Build.0 = Debug|Any CPU
		{D7E8C8EF-8CC8-46AE-8787-097A6962CD9C}.Release|Any CPU.ActiveCfg = Release|Any CPU
		{D7E8C8EF-8CC8-46AE-8787-097A6962CD9C}.Release|Any CPU.Build.0 = Release|Any CPU
	EndGlobalSection
	GlobalSection(SolutionProperties) = preSolution
		HideSolutionNode = FALSE
	EndGlobalSection
	GlobalSection(ExtensibilityGlobals) = postSolution
		SolutionGuid = {4C0DF937-FCF0-44FA-9476-3FF0EF57D655}
	EndGlobalSection
EndGlobal
